{
  "name": "portfolio",
  "version": "1.0.0",
  "lockfileVersion": 3,
  "requires": true,
  "packages": {
    "": {
      "name": "portfolio",
      "version": "1.0.0",
      "license": "ISC",
      "dependencies": {
        "encom-globe": "*",
        "event-source": "~0.1.0",
        "grunt": "~0.4.2",
        "jquery": "~2.1.0",
        "map-stream": "~0.1.0",
        "moment": "~2.6.0",
        "moment-timezone": "0.0.6",
        "pleaserotate.js": "*",
        "pusher.color": "~0.2.4",
        "request": "~2.34.0",
        "three": "~0.66.2"
      }
    },
    "node_modules/abbrev": {
      "version": "1.1.1",
      "resolved": "https://registry.npmjs.org/abbrev/-/abbrev-1.1.1.tgz",
      "integrity": "sha512-nne9/IiQ/hzIhY6pdDnbBtz7DjPTKrY00P/zvPSm5pOFkl6xuGrGnXn/VtTNNfNtAfZ9/1RtehkszU9qcTii0Q=="
    },
    "node_modules/argparse": {
      "version": "0.1.16",
      "resolved": "https://registry.npmjs.org/argparse/-/argparse-0.1.16.tgz",
      "integrity": "sha512-LjmC2dNpdn2L4UzyoaIr11ELYoLn37ZFy9zObrQFHsSuOepeUEMKnM8w5KL4Tnrp2gy88rRuQt6Ky8Bjml+Baw==",
      "dependencies": {
        "underscore": "~1.7.0",
        "underscore.string": "~2.4.0"
      }
    },
    "node_modules/argparse/node_modules/underscore.string": {
      "version": "2.4.0",
      "resolved": "https://registry.npmjs.org/underscore.string/-/underscore.string-2.4.0.tgz",
      "integrity": "sha512-yxkabuCaIBnzfIvX3kBxQqCs0ar/bfJwDnFEHJUm/ZrRVhT3IItdRF5cZjARLzEnyQYtIUhsZ2LG2j3HidFOFQ==",
      "engines": {
        "node": "*"
      }
    },
    "node_modules/asn1": {
      "version": "0.1.11",
      "resolved": "https://registry.npmjs.org/asn1/-/asn1-0.1.11.tgz",
      "integrity": "sha512-Fh9zh3G2mZ8qM/kwsiKwL2U2FmXxVsboP4x1mXjnhKHv3SmzaBZoYvxEQJz/YS2gnCgd8xlAVWcZnQyC9qZBsA==",
      "optional": true,
      "engines": {
        "node": ">=0.4.9"
      }
    },
    "node_modules/assert-plus": {
      "version": "0.1.5",
      "resolved": "https://registry.npmjs.org/assert-plus/-/assert-plus-0.1.5.tgz",
      "integrity": "sha512-brU24g7ryhRwGCI2y+1dGQmQXiZF7TtIj583S96y0jjdajIe6wn8BuXyELYhvD22dtIxDQVFk04YTJwwdwOYJw==",
      "optional": true,
      "engines": {
        "node": ">=0.8"
      }
    },
    "node_modules/async": {
      "version": "0.1.22",
      "resolved": "https://registry.npmjs.org/async/-/async-0.1.22.tgz",
      "integrity": "sha512-2tEzliJmf5fHNafNwQLJXUasGzQCVctvsNkXmnlELHwypU0p08/rHohYvkqKIjyXpx+0rkrYv6QbhJ+UF4QkBg==",
      "engines": {
        "node": "*"
      }
    },
    "node_modules/aws-sign2": {
      "version": "0.5.0",
      "resolved": "https://registry.npmjs.org/aws-sign2/-/aws-sign2-0.5.0.tgz",
      "integrity": "sha512-oqUX0DM5j7aPWPCnpWebiyNIj2wiNI87ZxnOMoGv0aE4TGlBy2N+5iWc6dQ/NOKZaBD2W6PVz8jtOGkWzSC5EA==",
      "optional": true,
      "engines": {
        "node": "*"
      }
    },
    "node_modules/boom": {
      "version": "0.4.2",
      "resolved": "https://registry.npmjs.org/boom/-/boom-0.4.2.tgz",
      "integrity": "sha512-OvfN8y1oAxxphzkl2SnCS+ztV/uVKTATtgLjWYg/7KwcNyf3rzpHxNQJZCKtsZd4+MteKczhWbSjtEX4bGgU9g==",
      "deprecated": "This version has been deprecated in accordance with the hapi support policy (hapi.im/support). Please upgrade to the latest version to get the best features, bug fixes, and security patches. If you are unable to upgrade at this time, paid support is available for older versions (hapi.im/commercial).",
      "optional": true,
      "dependencies": {
        "hoek": "0.9.x"
      },
      "engines": {
        "node": ">=0.8.0"
      }
    },
    "node_modules/coffee-script": {
      "version": "1.3.3",
      "resolved": "https://registry.npmjs.org/coffee-script/-/coffee-script-1.3.3.tgz",
      "integrity": "sha512-QjQ1T4BqyHv19k6XSfdhy/QLlIOhywz0ekBUCa9h71zYMJlfDTGan/Z1JXzYkZ6v8R+GhvL/p4FZPbPW8WNXlg==",
      "deprecated": "CoffeeScript on NPM has moved to \"coffeescript\" (no hyphen)",
      "bin": {
        "cake": "bin/cake",
        "coffee": "bin/coffee"
      },
      "engines": {
        "node": ">=0.4.0"
      }
    },
    "node_modules/colors": {
      "version": "0.6.2",
      "resolved": "https://registry.npmjs.org/colors/-/colors-0.6.2.tgz",
      "integrity": "sha512-OsSVtHK8Ir8r3+Fxw/b4jS1ZLPXkV6ZxDRJQzeD7qo0SqMXWrHDM71DgYzPMHY8SFJ0Ao+nNU2p1MmwdzKqPrw==",
      "engines": {
        "node": ">=0.1.90"
      }
    },
    "node_modules/combined-stream": {
      "version": "0.0.7",
      "resolved": "https://registry.npmjs.org/combined-stream/-/combined-stream-0.0.7.tgz",
      "integrity": "sha512-qfexlmLp9MyrkajQVyjEDb0Vj+KhRgR/rxLiVhaihlT+ZkX0lReqtH6Ack40CvMDERR4b5eFp3CreskpBs1Pig==",
      "optional": true,
      "dependencies": {
        "delayed-stream": "0.0.5"
      },
      "engines": {
        "node": ">= 0.8"
      }
    },
    "node_modules/cryptiles": {
      "version": "0.2.2",
      "resolved": "https://registry.npmjs.org/cryptiles/-/cryptiles-0.2.2.tgz",
      "integrity": "sha512-gvWSbgqP+569DdslUiCelxIv3IYK5Lgmq1UrRnk+s1WxQOQ16j3GPDcjdtgL5Au65DU/xQi6q3xPtf5Kta+3IQ==",
      "deprecated": "This version has been deprecated in accordance with the hapi support policy (hapi.im/support). Please upgrade to the latest version to get the best features, bug fixes, and security patches. If you are unable to upgrade at this time, paid support is available for older versions (hapi.im/commercial).",
      "optional": true,
      "dependencies": {
        "boom": "0.4.x"
      },
      "engines": {
        "node": ">=0.8.0"
      }
    },
    "node_modules/ctype": {
      "version": "0.5.3",
      "resolved": "https://registry.npmjs.org/ctype/-/ctype-0.5.3.tgz",
      "integrity": "sha512-T6CEkoSV4q50zW3TlTHMbzy1E5+zlnNcY+yb7tWVYlTwPhx9LpnfAkd4wecpWknDyptp4k97LUZeInlf6jdzBg==",
      "optional": true,
      "engines": {
        "node": ">= 0.4"
      }
    },
    "node_modules/d": {
      "version": "1.0.2",
      "resolved": "https://registry.npmjs.org/d/-/d-1.0.2.tgz",
      "integrity": "sha512-MOqHvMWF9/9MX6nza0KgvFH4HpMU0EF5uUDXqX/BtxtU8NfB0QzRtJ8Oe/6SuS4kbhyzVJwjd97EA4PKrzJ8bw==",
      "dependencies": {
        "es5-ext": "^0.10.64",
        "type": "^2.7.2"
      },
      "engines": {
        "node": ">=0.12"
      }
    },
    "node_modules/dateformat": {
      "version": "1.0.2-1.2.3",
      "resolved": "https://registry.npmjs.org/dateformat/-/dateformat-1.0.2-1.2.3.tgz",
      "integrity": "sha512-AXvW8g7tO4ilk5HgOWeDmPi/ZPaCnMJ+9Cg1I3p19w6mcvAAXBuuGEXAxybC+Djj1PSZUiHUcyoYu7WneCX8gQ==",
      "engines": {
        "node": "*"
      }
    },
    "node_modules/delayed-stream": {
      "version": "0.0.5",
      "resolved": "https://registry.npmjs.org/delayed-stream/-/delayed-stream-0.0.5.tgz",
      "integrity": "sha512-v+7uBd1pqe5YtgPacIIbZ8HuHeLFVNe4mUEyFDXL6KiqzEykjbw+5mXZXpGFgNVasdL4jWKgaKIXrEHiynN1LA==",
      "optional": true,
      "engines": {
        "node": ">=0.4.0"
      }
    },
    "node_modules/encom-globe": {
      "version": "0.5.4",
      "resolved": "https://registry.npmjs.org/encom-globe/-/encom-globe-0.5.4.tgz",
      "integrity": "sha512-Gdlx1HLx23pHmRE6LAEb2DM0H31y3/s5WO+KiTguIfDGPX4q6b+RgGd/Qp8jbJAO2RukDd550VtXXvzkG3PJhg==",
      "dependencies": {
        "hexasphere.js": "*",
        "pusher.color": "~0.2.4",
        "quadtree2": "~0.5.3",
        "three": "~0.66.2",
        "tween.js": "~0.13.0",
        "vec2": "~1.5.0"
      }
    },
    "node_modules/es5-ext": {
      "version": "0.10.64",
      "resolved": "https://registry.npmjs.org/es5-ext/-/es5-ext-0.10.64.tgz",
      "integrity": "sha512-p2snDhiLaXe6dahss1LddxqEm+SkuDvV8dnIQG0MWjyHpcMNfXKPE+/Cc0y+PhxJX3A4xGNeFCj5oc0BUh6deg==",
      "hasInstallScript": true,
      "dependencies": {
        "es6-iterator": "^2.0.3",
        "es6-symbol": "^3.1.3",
        "esniff": "^2.0.1",
        "next-tick": "^1.1.0"
      },
      "engines": {
        "node": ">=0.10"
      }
    },
    "node_modules/es6-iterator": {
      "version": "2.0.3",
      "resolved": "https://registry.npmjs.org/es6-iterator/-/es6-iterator-2.0.3.tgz",
      "integrity": "sha512-zw4SRzoUkd+cl+ZoE15A9o1oQd920Bb0iOJMQkQhl3jNc03YqVjAhG7scf9C5KWRU/R13Orf588uCC6525o02g==",
      "dependencies": {
        "d": "1",
        "es5-ext": "^0.10.35",
        "es6-symbol": "^3.1.1"
      }
    },
    "node_modules/es6-symbol": {
      "version": "3.1.4",
      "resolved": "https://registry.npmjs.org/es6-symbol/-/es6-symbol-3.1.4.tgz",
      "integrity": "sha512-U9bFFjX8tFiATgtkJ1zg25+KviIXpgRvRHS8sau3GfhVzThRQrOeksPeT0BWW2MNZs1OEWJ1DPXOQMn0KKRkvg==",
      "dependencies": {
        "d": "^1.0.2",
        "ext": "^1.7.0"
      },
      "engines": {
        "node": ">=0.12"
      }
    },
    "node_modules/esniff": {
      "version": "2.0.1",
      "resolved": "https://registry.npmjs.org/esniff/-/esniff-2.0.1.tgz",
      "integrity": "sha512-kTUIGKQ/mDPFoJ0oVfcmyJn4iBDRptjNVIzwIFR7tqWXdVI9xfA2RMwY/gbSpJG3lkdWNEjLap/NqVHZiJsdfg==",
      "dependencies": {
        "d": "^1.0.1",
        "es5-ext": "^0.10.62",
        "event-emitter": "^0.3.5",
        "type": "^2.7.2"
      },
      "engines": {
        "node": ">=0.10"
      }
    },
    "node_modules/esprima": {
      "version": "1.0.4",
      "resolved": "https://registry.npmjs.org/esprima/-/esprima-1.0.4.tgz",
      "integrity": "sha512-rp5dMKN8zEs9dfi9g0X1ClLmV//WRyk/R15mppFNICIFRG5P92VP7Z04p8pk++gABo9W2tY+kHyu6P1mEHgmTA==",
      "bin": {
        "esparse": "bin/esparse.js",
        "esvalidate": "bin/esvalidate.js"
      },
      "engines": {
        "node": ">=0.4.0"
      }
    },
    "node_modules/event-emitter": {
      "version": "0.3.5",
      "resolved": "https://registry.npmjs.org/event-emitter/-/event-emitter-0.3.5.tgz",
      "integrity": "sha512-D9rRn9y7kLPnJ+hMq7S/nhvoKwwvVJahBi2BPmx3bvbsEdK3W9ii8cBSGjP+72/LnM4n6fo3+dkCX5FeTQruXA==",
      "dependencies": {
        "d": "1",
        "es5-ext": "~0.10.14"
      }
    },
    "node_modules/event-source": {
      "version": "0.1.1",
      "resolved": "https://registry.npmjs.org/event-source/-/event-source-0.1.1.tgz",
      "integrity": "sha512-qByhG5X6q1TP9Y7ovKasaD7z1Lwt2X0HySeETWI8Z13DLFkGeVA27nZ2sk1t8qUCSYfEoXEdJcCC9aDpWLruDw==",
      "dependencies": {
        "es5-ext": "~0.10.2"
      }
    },
    "node_modules/eventemitter2": {
      "version": "0.4.14",
      "resolved": "https://registry.npmjs.org/eventemitter2/-/eventemitter2-0.4.14.tgz",
      "integrity": "sha512-K7J4xq5xAD5jHsGM5ReWXRTFa3JRGofHiMcVgQ8PRwgWxzjHpMWCIzsmyf60+mh8KLsqYPcjUMa0AC4hd6lPyQ=="
    },
    "node_modules/exit": {
      "version": "0.1.2",
      "resolved": "https://registry.npmjs.org/exit/-/exit-0.1.2.tgz",
      "integrity": "sha512-Zk/eNKV2zbjpKzrsQ+n1G6poVbErQxJ0LBOJXaKZ1EViLzH+hrLu9cdXI4zw9dBQJslwBEpbQ2P1oS7nDxs6jQ==",
      "engines": {
        "node": ">= 0.8.0"
      }
    },
    "node_modules/ext": {
      "version": "1.7.0",
      "resolved": "https://registry.npmjs.org/ext/-/ext-1.7.0.tgz",
      "integrity": "sha512-6hxeJYaL110a9b5TEJSj0gojyHQAmA2ch5Os+ySCiA1QGdS697XWY1pzsrSjqA9LDEEgdB/KypIlR59RcLuHYw==",
      "dependencies": {
        "type": "^2.7.2"
      }
    },
    "node_modules/findup-sync": {
      "version": "0.1.3",
      "resolved": "https://registry.npmjs.org/findup-sync/-/findup-sync-0.1.3.tgz",
      "integrity": "sha512-yjftfYnF4ThYEvKEV/kEFR15dmtyXTAh3vQnzpJUoc7Naj5y1P0Ck7Zs1+Vroa00E3KT3IYsk756S+8WA5dNLw==",
      "dependencies": {
        "glob": "~3.2.9",
        "lodash": "~2.4.1"
      },
      "engines": {
        "node": ">= 0.6.0"
      }
    },
    "node_modules/findup-sync/node_modules/glob": {
      "version": "3.2.11",
      "resolved": "https://registry.npmjs.org/glob/-/glob-3.2.11.tgz",
      "integrity": "sha512-hVb0zwEZwC1FXSKRPFTeOtN7AArJcJlI6ULGLtrstaswKNlrTJqAA+1lYlSUop4vjA423xlBzqfVS3iWGlqJ+g==",
      "dependencies": {
        "inherits": "2",
        "minimatch": "0.3"
      },
      "engines": {
        "node": "*"
      }
    },
    "node_modules/findup-sync/node_modules/inherits": {
      "version": "2.0.4",
      "resolved": "https://registry.npmjs.org/inherits/-/inherits-2.0.4.tgz",
      "integrity": "sha512-k/vGaX4/Yla3WzyMCvTQOXYeIHvqOKtnqBduzTHpzpQZzAskKMhZ2K+EnBiSM9zGSoIFeMpXKxa4dYeZIQqewQ=="
    },
    "node_modules/findup-sync/node_modules/lodash": {
      "version": "2.4.2",
      "resolved": "https://registry.npmjs.org/lodash/-/lodash-2.4.2.tgz",
      "integrity": "sha512-Kak1hi6/hYHGVPmdyiZijoQyz5x2iGVzs6w9GYB/HiXEtylY7tIoYEROMjvM1d9nXJqPOrG2MNPMn01bJ+S0Rw==",
      "engines": [
        "node",
        "rhino"
      ]
    },
    "node_modules/findup-sync/node_modules/minimatch": {
      "version": "0.3.0",
      "resolved": "https://registry.npmjs.org/minimatch/-/minimatch-0.3.0.tgz",
      "integrity": "sha512-WFX1jI1AaxNTZVOHLBVazwTWKaQjoykSzCBNXB72vDTCzopQGtyP91tKdFK5cv1+qMwPyiTu1HqUriqplI8pcA==",
      "deprecated": "Please update to minimatch 3.0.2 or higher to avoid a RegExp DoS issue",
      "dependencies": {
        "lru-cache": "2",
        "sigmund": "~1.0.0"
      },
      "engines": {
        "node": "*"
      }
    },
    "node_modules/forever-agent": {
      "version": "0.5.2",
      "resolved": "https://registry.npmjs.org/forever-agent/-/forever-agent-0.5.2.tgz",
      "integrity": "sha512-PDG5Ef0Dob/JsZUxUltJOhm/Y9mlteAE+46y3M9RBz/Rd3QVENJ75aGRhN56yekTUboaBIkd8KVWX2NjF6+91A==",
      "engines": {
        "node": "*"
      }
    },
    "node_modules/form-data": {
      "version": "0.1.4",
      "resolved": "https://registry.npmjs.org/form-data/-/form-data-0.1.4.tgz",
      "integrity": "sha512-x8eE+nzFtAMA0YYlSxf/Qhq6vP1f8wSoZ7Aw1GuctBcmudCNuTUmmx45TfEplyb6cjsZO/jvh6+1VpZn24ez+w==",
      "optional": true,
      "dependencies": {
        "async": "~0.9.0",
        "combined-stream": "~0.0.4",
        "mime": "~1.2.11"
      },
      "engines": {
        "node": ">= 0.8"
      }
    },
    "node_modules/form-data/node_modules/async": {
      "version": "0.9.2",
      "resolved": "https://registry.npmjs.org/async/-/async-0.9.2.tgz",
      "integrity": "sha512-l6ToIJIotphWahxxHyzK9bnLR6kM4jJIIgLShZeqLY7iboHoGkdgFl7W2/Ivi4SkMJYGKqW8vSuk0uKUj6qsSw==",
      "optional": true
    },
    "node_modules/getobject": {
      "version": "0.1.0",
      "resolved": "https://registry.npmjs.org/getobject/-/getobject-0.1.0.tgz",
      "integrity": "sha512-hIGEBfnHcZpWkXPsAVeVmpYDvfy/matVl03yOY91FPmnpCC12Lm5izNxCjO3lHAeO6uaTwMxu7g450Siknlhig==",
      "engines": {
        "node": ">= 0.8.0"
      }
    },
    "node_modules/glob": {
      "version": "3.1.21",
      "resolved": "https://registry.npmjs.org/glob/-/glob-3.1.21.tgz",
      "integrity": "sha512-ANhy2V2+tFpRajE3wN4DhkNQ08KDr0Ir1qL12/cUe5+a7STEK8jkW4onUYuY8/06qAFuT5je7mjAqzx0eKI2tQ==",
      "dependencies": {
        "graceful-fs": "~1.2.0",
        "inherits": "1",
        "minimatch": "~0.2.11"
      },
      "engines": {
        "node": "*"
      }
    },
    "node_modules/graceful-fs": {
      "version": "1.2.3",
      "resolved": "https://registry.npmjs.org/graceful-fs/-/graceful-fs-1.2.3.tgz",
      "integrity": "sha512-iiTUZ5vZ+2ZV+h71XAgwCSu6+NAizhFU3Yw8aC/hH5SQ3SnISqEqAek40imAFGtDcwJKNhXvSY+hzIolnLwcdQ==",
      "deprecated": "please upgrade to graceful-fs 4 for compatibility with current and future versions of Node.js",
      "engines": {
        "node": ">=0.4.0"
      }
    },
    "node_modules/grunt": {
      "version": "0.4.5",
      "resolved": "https://registry.npmjs.org/grunt/-/grunt-0.4.5.tgz",
      "integrity": "sha512-1iq3ylLjzXqz/KSq1OAE2qhnpcbkF2WyhsQcavZt+YmgvHu0EbPMEhGhy2gr0FP67isHpRdfwjB5WVeXXcJemQ==",
      "dependencies": {
        "async": "~0.1.22",
        "coffee-script": "~1.3.3",
        "colors": "~0.6.2",
        "dateformat": "1.0.2-1.2.3",
        "eventemitter2": "~0.4.13",
        "exit": "~0.1.1",
        "findup-sync": "~0.1.2",
        "getobject": "~0.1.0",
        "glob": "~3.1.21",
        "grunt-legacy-log": "~0.1.0",
        "grunt-legacy-util": "~0.2.0",
        "hooker": "~0.2.3",
        "iconv-lite": "~0.2.11",
        "js-yaml": "~2.0.5",
        "lodash": "~0.9.2",
        "minimatch": "~0.2.12",
        "nopt": "~1.0.10",
        "rimraf": "~2.2.8",
        "underscore.string": "~2.2.1",
        "which": "~1.0.5"
      },
      "engines": {
        "node": ">= 0.8.0"
      }
    },
    "node_modules/grunt-legacy-log": {
      "version": "0.1.3",
      "resolved": "https://registry.npmjs.org/grunt-legacy-log/-/grunt-legacy-log-0.1.3.tgz",
      "integrity": "sha512-qYs/uM0ImdzwIXLhS4O5WLV5soAM+PEqqHI/hzSxlo450ERSccEhnXqoeDA9ZozOdaWuYnzTOTwRcVRogleMxg==",
      "dependencies": {
        "colors": "~0.6.2",
        "grunt-legacy-log-utils": "~0.1.1",
        "hooker": "~0.2.3",
        "lodash": "~2.4.1",
        "underscore.string": "~2.3.3"
      },
      "engines": {
        "node": ">= 0.8.0"
      }
    },
    "node_modules/grunt-legacy-log-utils": {
      "version": "0.1.1",
      "resolved": "https://registry.npmjs.org/grunt-legacy-log-utils/-/grunt-legacy-log-utils-0.1.1.tgz",
      "integrity": "sha512-D0vbUX00TFYCKNZtcZzemMpwT8TR/FdRs1pmfiBw6qnUw80PfsjV+lhIozY/3eJ3PSG2zj89wd2mH/7f4tNAlw==",
      "dependencies": {
        "colors": "~0.6.2",
        "lodash": "~2.4.1",
        "underscore.string": "~2.3.3"
      },
      "engines": {
        "node": ">= 0.8.0"
      }
    },
    "node_modules/grunt-legacy-log-utils/node_modules/lodash": {
      "version": "2.4.2",
      "resolved": "https://registry.npmjs.org/lodash/-/lodash-2.4.2.tgz",
      "integrity": "sha512-Kak1hi6/hYHGVPmdyiZijoQyz5x2iGVzs6w9GYB/HiXEtylY7tIoYEROMjvM1d9nXJqPOrG2MNPMn01bJ+S0Rw==",
      "engines": [
        "node",
        "rhino"
      ]
    },
    "node_modules/grunt-legacy-log-utils/node_modules/underscore.string": {
      "version": "2.3.3",
      "resolved": "https://registry.npmjs.org/underscore.string/-/underscore.string-2.3.3.tgz",
      "integrity": "sha512-hbD5MibthuDAu4yA5wxes5bzFgqd3PpBJuClbRxaNddxfdsz+qf+1kHwrGQFrmchmDHb9iNU+6EHDn8uj0xDJg==",
      "engines": {
        "node": "*"
      }
    },
    "node_modules/grunt-legacy-log/node_modules/lodash": {
      "version": "2.4.2",
      "resolved": "https://registry.npmjs.org/lodash/-/lodash-2.4.2.tgz",
      "integrity": "sha512-Kak1hi6/hYHGVPmdyiZijoQyz5x2iGVzs6w9GYB/HiXEtylY7tIoYEROMjvM1d9nXJqPOrG2MNPMn01bJ+S0Rw==",
      "engines": [
        "node",
        "rhino"
      ]
    },
    "node_modules/grunt-legacy-log/node_modules/underscore.string": {
      "version": "2.3.3",
      "resolved": "https://registry.npmjs.org/underscore.string/-/underscore.string-2.3.3.tgz",
      "integrity": "sha512-hbD5MibthuDAu4yA5wxes5bzFgqd3PpBJuClbRxaNddxfdsz+qf+1kHwrGQFrmchmDHb9iNU+6EHDn8uj0xDJg==",
      "engines": {
        "node": "*"
      }
    },
    "node_modules/grunt-legacy-util": {
      "version": "0.2.0",
      "resolved": "https://registry.npmjs.org/grunt-legacy-util/-/grunt-legacy-util-0.2.0.tgz",
      "integrity": "sha512-cXPbfF8aM+pvveQeN1K872D5fRm30xfJWZiS63Y8W8oyIPLClCsmI8bW96Txqzac9cyL4lRqEBhbhJ3n5EzUUQ==",
      "dependencies": {
        "async": "~0.1.22",
        "exit": "~0.1.1",
        "getobject": "~0.1.0",
        "hooker": "~0.2.3",
        "lodash": "~0.9.2",
        "underscore.string": "~2.2.1",
        "which": "~1.0.5"
      },
      "engines": {
        "node": ">= 0.8.0"
      }
    },
    "node_modules/hawk": {
      "version": "1.0.0",
      "resolved": "https://registry.npmjs.org/hawk/-/hawk-1.0.0.tgz",
      "integrity": "sha512-Sg+VzrI7TjUomO0rjD6UXawsj50ykn5sB/xKNW/IenxzRVyw/wt9A2FLzYpGL/r0QG5hyXY8nLx/2m8UutoDcg==",
      "deprecated": "This module moved to @hapi/hawk. Please make sure to switch over as this distribution is no longer supported and may contain bugs and critical security issues.",
      "optional": true,
      "dependencies": {
        "boom": "0.4.x",
        "cryptiles": "0.2.x",
        "hoek": "0.9.x",
        "sntp": "0.2.x"
      },
      "engines": {
        "node": ">=0.8.0"
      }
    },
    "node_modules/hexasphere.js": {
      "version": "0.2.2",
      "resolved": "https://registry.npmjs.org/hexasphere.js/-/hexasphere.js-0.2.2.tgz",
      "integrity": "sha512-QpUuIjcSYxT82++b8P13tMeCVquKM3O7c4CIUANguUd6+aJy98fZ/tYOZ+wgWDtlNED26dl4HWUZDLfS4M0VOg=="
    },
    "node_modules/hoek": {
      "version": "0.9.1",
      "resolved": "https://registry.npmjs.org/hoek/-/hoek-0.9.1.tgz",
      "integrity": "sha512-ZZ6eGyzGjyMTmpSPYVECXy9uNfqBR7x5CavhUaLOeD6W0vWK1mp/b7O3f86XE0Mtfo9rZ6Bh3fnuw9Xr8MF9zA==",
      "deprecated": "This version has been deprecated in accordance with the hapi support policy (hapi.im/support). Please upgrade to the latest version to get the best features, bug fixes, and security patches. If you are unable to upgrade at this time, paid support is available for older versions (hapi.im/commercial).",
      "optional": true,
      "engines": {
        "node": ">=0.8.0"
      }
    },
    "node_modules/hooker": {
      "version": "0.2.3",
      "resolved": "https://registry.npmjs.org/hooker/-/hooker-0.2.3.tgz",
      "integrity": "sha512-t+UerCsQviSymAInD01Pw+Dn/usmz1sRO+3Zk1+lx8eg+WKpD2ulcwWqHHL0+aseRBr+3+vIhiG1K1JTwaIcTA==",
      "engines": {
        "node": "*"
      }
    },
    "node_modules/http-signature": {
      "version": "0.10.1",
      "resolved": "https://registry.npmjs.org/http-signature/-/http-signature-0.10.1.tgz",
      "integrity": "sha512-coK8uR5rq2IMj+Hen+sKPA5ldgbCc1/spPdKCL1Fw6h+D0s/2LzMcRK0Cqufs1h0ryx/niwBHGFu8HC3hwU+lA==",
      "optional": true,
      "dependencies": {
        "asn1": "0.1.11",
        "assert-plus": "^0.1.5",
        "ctype": "0.5.3"
      },
      "engines": {
        "node": ">=0.8"
      }
    },
    "node_modules/iconv-lite": {
      "version": "0.2.11",
      "resolved": "https://registry.npmjs.org/iconv-lite/-/iconv-lite-0.2.11.tgz",
      "integrity": "sha512-KhmFWgaQZY83Cbhi+ADInoUQ8Etn6BG5fikM9syeOjQltvR45h7cRKJ/9uvQEuD61I3Uju77yYce0/LhKVClQw==",
      "engines": {
        "node": ">=0.4.0"
      }
    },
    "node_modules/inherits": {
      "version": "1.0.2",
      "resolved": "https://registry.npmjs.org/inherits/-/inherits-1.0.2.tgz",
      "integrity": "sha512-Al67oatbRSo3RV5hRqIoln6Y5yMVbJSIn4jEJNL7VCImzq/kLr7vvb6sFRJXqr8rpHc/2kJOM+y0sPKN47VdzA=="
    },
    "node_modules/jquery": {
      "version": "2.1.4",
      "resolved": "https://registry.npmjs.org/jquery/-/jquery-2.1.4.tgz",
      "integrity": "sha512-wWR+eCq/T/Qt0NcFyM+QVho0ZVzWxFYANijmSMImXiM5mjr1aOaf4SF0eOEPc92bbK2L2vDpxw3lIszus7eO8Q=="
    },
    "node_modules/js-yaml": {
      "version": "2.0.5",
      "resolved": "https://registry.npmjs.org/js-yaml/-/js-yaml-2.0.5.tgz",
      "integrity": "sha512-VEKcIksckDBUhg2JS874xVouiPkywVUh4yyUmLCDe1Zg3bCd6M+F1eGPenPeHLc2XC8pp9G8bsuofK0NeEqRkA==",
      "dependencies": {
        "argparse": "~ 0.1.11",
        "esprima": "~ 1.0.2"
      },
      "bin": {
        "js-yaml": "bin/js-yaml.js"
      },
      "engines": {
        "node": ">= 0.6.0"
      }
    },
    "node_modules/json-stringify-safe": {
      "version": "5.0.1",
      "resolved": "https://registry.npmjs.org/json-stringify-safe/-/json-stringify-safe-5.0.1.tgz",
      "integrity": "sha512-ZClg6AaYvamvYEE82d3Iyd3vSSIjQ+odgjaTzRuO3s7toCdFKczob2i0zCh7JE8kWn17yvAWhUVxvqGwUalsRA=="
    },
    "node_modules/lodash": {
      "version": "0.9.2",
      "resolved": "https://registry.npmjs.org/lodash/-/lodash-0.9.2.tgz",
      "integrity": "sha512-LVbt/rjK62gSbhehDVKL0vlaime4Y1IBixL+bKeNfoY4L2zab/jGrxU6Ka05tMA/zBxkTk5t3ivtphdyYupczw==",
      "engines": [
        "node",
        "rhino"
      ]
    },
    "node_modules/lru-cache": {
      "version": "2.7.3",
      "resolved": "https://registry.npmjs.org/lru-cache/-/lru-cache-2.7.3.tgz",
      "integrity": "sha512-WpibWJ60c3AgAz8a2iYErDrcT2C7OmKnsWhIcHOjkUHFjkXncJhtLxNSqUmxRxRunpb5I8Vprd7aNSd2NtksJQ=="
    },
    "node_modules/map-stream": {
      "version": "0.1.0",
      "resolved": "https://registry.npmjs.org/map-stream/-/map-stream-0.1.0.tgz",
      "integrity": "sha512-CkYQrPYZfWnu/DAmVCpTSX/xHpKZ80eKh2lAkyA6AJTef6bW+6JpbQZN5rofum7da+SyN1bi5ctTm+lTfcCW3g=="
    },
    "node_modules/mime": {
      "version": "1.2.11",
      "resolved": "https://registry.npmjs.org/mime/-/mime-1.2.11.tgz",
      "integrity": "sha512-Ysa2F/nqTNGHhhm9MV8ure4+Hc+Y8AWiqUdHxsO7xu8zc92ND9f3kpALHjaP026Ft17UfxrMt95c50PLUeynBw=="
    },
    "node_modules/minimatch": {
      "version": "0.2.14",
      "resolved": "https://registry.npmjs.org/minimatch/-/minimatch-0.2.14.tgz",
      "integrity": "sha512-zZ+Jy8lVWlvqqeM8iZB7w7KmQkoJn8djM585z88rywrEbzoqawVa9FR5p2hwD+y74nfuKOjmNvi9gtWJNLqHvA==",
      "deprecated": "Please update to minimatch 3.0.2 or higher to avoid a RegExp DoS issue",
      "dependencies": {
        "lru-cache": "2",
        "sigmund": "~1.0.0"
      },
      "engines": {
        "node": "*"
      }
    },
    "node_modules/moment": {
      "version": "2.6.0",
      "resolved": "https://registry.npmjs.org/moment/-/moment-2.6.0.tgz",
      "integrity": "sha512-M3MTvRWyj4UOYRFeH427oyqxaqFO3HHdL+CqlaQ2jRxdi4mpIQq15uyRN8NO0/PY3+C9ljoznyNqM6YZhj1phg==",
      "engines": {
        "node": "*"
      }
    },
    "node_modules/moment-timezone": {
      "version": "0.0.6",
      "resolved": "https://registry.npmjs.org/moment-timezone/-/moment-timezone-0.0.6.tgz",
      "integrity": "sha512-WwWLXaDGfqLXrelR4Mg7nMGcoBZYKCoaOAcJPdhHCGbOQbSxj8Jz+X1lgOfSslJ+pKc62e/4BWieo2PXwPhTbg==",
      "dependencies": {
        "moment": ">= 2.6.0"
      },
      "engines": {
        "node": "*"
      }
    },
    "node_modules/next-tick": {
      "version": "1.1.0",
      "resolved": "https://registry.npmjs.org/next-tick/-/next-tick-1.1.0.tgz",
      "integrity": "sha512-CXdUiJembsNjuToQvxayPZF9Vqht7hewsvy2sOWafLvi2awflj9mOC6bHIg50orX8IJvWKY9wYQ/zB2kogPslQ=="
    },
    "node_modules/node-uuid": {
      "version": "1.4.8",
      "resolved": "https://registry.npmjs.org/node-uuid/-/node-uuid-1.4.8.tgz",
      "integrity": "sha512-TkCET/3rr9mUuRp+CpO7qfgT++aAxfDRaalQhwPFzI9BY/2rCDn6OfpZOVggi1AXfTPpfkTrg5f5WQx5G1uLxA==",
      "deprecated": "Use uuid module instead",
      "bin": {
        "uuid": "bin/uuid"
      }
    },
    "node_modules/nopt": {
      "version": "1.0.10",
      "resolved": "https://registry.npmjs.org/nopt/-/nopt-1.0.10.tgz",
      "integrity": "sha512-NWmpvLSqUrgrAC9HCuxEvb+PSloHpqVu+FqcO4eeF2h5qYRhA7ev6KvelyQAKtegUbC6RypJnlEOhd8vloNKYg==",
      "dependencies": {
        "abbrev": "1"
      },
      "bin": {
        "nopt": "bin/nopt.js"
      },
      "engines": {
        "node": "*"
      }
    },
    "node_modules/oauth-sign": {
      "version": "0.3.0",
      "resolved": "https://registry.npmjs.org/oauth-sign/-/oauth-sign-0.3.0.tgz",
      "integrity": "sha512-Tr31Sh5FnK9YKm7xTUPyDMsNOvMqkVDND0zvK/Wgj7/H9q8mpye0qG2nVzrnsvLhcsX5DtqXD0la0ks6rkPCGQ==",
      "optional": true,
      "engines": {
        "node": "*"
      }
    },
    "node_modules/pleaserotate.js": {
      "version": "0.1.2",
      "resolved": "https://registry.npmjs.org/pleaserotate.js/-/pleaserotate.js-0.1.2.tgz",
      "integrity": "sha512-2Xd7Hxxw6ufvoCyMjphNN4Fay6KqbApgGx6hAGwqxKAtE0BOanuenUZLwZtfJP6cA6roXdFQPqyfE7ySvV0N3w=="
    },
    "node_modules/psl": {
      "version": "1.9.0",
      "resolved": "https://registry.npmjs.org/psl/-/psl-1.9.0.tgz",
      "integrity": "sha512-E/ZsdU4HLs/68gYzgGTkMicWTLPdAftJLfJFlLUAAKZGkStNU72sZjT66SnMDVOfOWY/YAoiD7Jxa9iHvngcag==",
      "optional": true
    },
    "node_modules/punycode": {
      "version": "2.3.1",
      "resolved": "https://registry.npmjs.org/punycode/-/punycode-2.3.1.tgz",
      "integrity": "sha512-vYt7UD1U9Wg6138shLtLOvdAu+8DsC/ilFtEVHcH+wydcSpNE20AfSOduf6MkRFahL5FY7X1oU7nKVZFtfq8Fg==",
      "optional": true,
      "engines": {
        "node": ">=6"
      }
    },
    "node_modules/pusher.color": {
      "version": "0.2.4",
      "resolved": "https://registry.npmjs.org/pusher.color/-/pusher.color-0.2.4.tgz",
      "integrity": "sha512-DT6ma337YAEGM67BPLhudTW1QqCxmI/9wVI3FMxZQ4mwkB8sQwAJZPeMMcYCI9yp9BdnLNh/5JHq/8ytmh6pVA==",
      "dependencies": {
        "underscore": "1.4.x"
      }
    },
    "node_modules/pusher.color/node_modules/underscore": {
      "version": "1.4.4",
      "resolved": "https://registry.npmjs.org/underscore/-/underscore-1.4.4.tgz",
      "integrity": "sha512-ZqGrAgaqqZM7LGRzNjLnw5elevWb5M8LEoDMadxIW3OWbcv72wMMgKdwOKpd5Fqxe8choLD8HN3iSj3TUh/giQ=="
    },
    "node_modules/qs": {
      "version": "0.6.6",
      "resolved": "https://registry.npmjs.org/qs/-/qs-0.6.6.tgz",
      "integrity": "sha512-kN+yNdAf29Jgp+AYHUmC7X4QdJPR8czuMWLNLc0aRxkQ7tB3vJQEONKKT9ou/rW7EbqVec11srC9q9BiVbcnHA==",
      "engines": {
        "node": "*"
      }
    },
    "node_modules/quadtree2": {
      "version": "0.5.4",
      "resolved": "https://registry.npmjs.org/quadtree2/-/quadtree2-0.5.4.tgz",
      "integrity": "sha512-91mM5tFdSwXZw6K450rn9sJ1AESe465sPVxhEy/9i4syNckUF5YqCp06/ulogVkD/TdM9E4sP0YjlDbCuccnwA==",
      "dependencies": {
        "vec2": "1.4.0"
      },
      "engines": {
        "node": ">= 0.10.0"
      }
    },
    "node_modules/quadtree2/node_modules/vec2": {
      "version": "1.4.0",
      "resolved": "https://registry.npmjs.org/vec2/-/vec2-1.4.0.tgz",
      "integrity": "sha512-CWbYQOUuAZ2iNjgMwGRqCGIWyMGHzq/mt1g6DAABXgVYn+OmFk3krFPY6SnY8bYtg37QbcXR62osDAKukLNpHQ=="
    },
    "node_modules/querystringify": {
      "version": "2.2.0",
      "resolved": "https://registry.npmjs.org/querystringify/-/querystringify-2.2.0.tgz",
      "integrity": "sha512-FIqgj2EUvTa7R50u0rGsyTftzjYmv/a3hO345bZNrqabNqjtgiDMgmo4mkUjd+nzU5oF3dClKqFIPUKybUyqoQ==",
      "optional": true
    },
    "node_modules/request": {
      "version": "2.34.0",
      "resolved": "https://registry.npmjs.org/request/-/request-2.34.0.tgz",
      "integrity": "sha512-mD5mNhfkeaKMg5ZY/hZFbW4lyC/NTn34/ILGQr/XLSuxYOE6vJfL0MTPPXZcZrdt+Nh1Kce+f4B4KbGThIETxQ==",
      "deprecated": "request has been deprecated, see https://github.com/request/request/issues/3142",
      "engines": [
        "node >= 0.8.0"
      ],
      "dependencies": {
        "forever-agent": "~0.5.0",
        "json-stringify-safe": "~5.0.0",
        "mime": "~1.2.9",
        "node-uuid": "~1.4.0",
        "qs": "~0.6.0"
      },
      "optionalDependencies": {
        "aws-sign2": "~0.5.0",
        "form-data": "~0.1.0",
        "hawk": "~1.0.0",
        "http-signature": "~0.10.0",
        "oauth-sign": "~0.3.0",
        "tough-cookie": ">=0.12.0",
        "tunnel-agent": "~0.3.0"
      }
    },
    "node_modules/requires-port": {
      "version": "1.0.0",
      "resolved": "https://registry.npmjs.org/requires-port/-/requires-port-1.0.0.tgz",
      "integrity": "sha512-KigOCHcocU3XODJxsu8i/j8T9tzT4adHiecwORRQ0ZZFcp7ahwXuRU1m+yuO90C5ZUyGeGfocHDI14M3L3yDAQ==",
      "optional": true
    },
    "node_modules/rimraf": {
      "version": "2.2.8",
      "resolved": "https://registry.npmjs.org/rimraf/-/rimraf-2.2.8.tgz",
      "integrity": "sha512-R5KMKHnPAQaZMqLOsyuyUmcIjSeDm+73eoqQpaXA7AZ22BL+6C+1mcUscgOsNd8WVlJuvlgAPsegcx7pjlV0Dg==",
      "bin": {
        "rimraf": "bin.js"
      }
    },
    "node_modules/sigmund": {
      "version": "1.0.1",
      "resolved": "https://registry.npmjs.org/sigmund/-/sigmund-1.0.1.tgz",
      "integrity": "sha512-fCvEXfh6NWpm+YSuY2bpXb/VIihqWA6hLsgboC+0nl71Q7N7o2eaCW8mJa/NLvQhs6jpd3VZV4UiUQlV6+lc8g=="
    },
    "node_modules/sntp": {
      "version": "0.2.4",
      "resolved": "https://registry.npmjs.org/sntp/-/sntp-0.2.4.tgz",
      "integrity": "sha512-bDLrKa/ywz65gCl+LmOiIhteP1bhEsAAzhfMedPoiHP3dyYnAevlaJshdqb9Yu0sRifyP/fRqSt8t+5qGIWlGQ==",
      "deprecated": "This module moved to @hapi/sntp. Please make sure to switch over as this distribution is no longer supported and may contain bugs and critical security issues.",
      "optional": true,
      "dependencies": {
        "hoek": "0.9.x"
      },
      "engines": {
        "node": ">=0.8.0"
      }
    },
    "node_modules/three": {
      "version": "0.66.97",
      "resolved": "https://registry.npmjs.org/three/-/three-0.66.97.tgz",
      "integrity": "sha512-bGorVqJ2L/RgEYDdJ0O9Xv2pElEOE7ku0EbFROpHbpfk4xTOz0Pwe3F7iKbydMIbz9wi5b2qQAlwqPt/hLcaWA==",
      "engines": {
        "node": "*"
      }
    },
    "node_modules/tough-cookie": {
      "version": "4.1.3",
      "resolved": "https://registry.npmjs.org/tough-cookie/-/tough-cookie-4.1.3.tgz",
      "integrity": "sha512-aX/y5pVRkfRnfmuX+OdbSdXvPe6ieKX/G2s7e98f4poJHnqH3281gDPm/metm6E/WRamfx7WC4HUqkWHfQHprw==",
      "optional": true,
      "dependencies": {
        "psl": "^1.1.33",
        "punycode": "^2.1.1",
        "universalify": "^0.2.0",
        "url-parse": "^1.5.3"
      },
      "engines": {
        "node": ">=6"
      }
    },
    "node_modules/tunnel-agent": {
      "version": "0.3.0",
      "resolved": "https://registry.npmjs.org/tunnel-agent/-/tunnel-agent-0.3.0.tgz",
      "integrity": "sha512-jlGqHGoKzyyjhwv/c9omAgohntThMcGtw8RV/RDLlkbbc08kni/akVxO62N8HaXMVbVsK1NCnpSK3N2xCt22ww==",
      "optional": true,
      "engines": {
        "node": "*"
      }
    },
    "node_modules/tween.js": {
      "version": "0.13.0",
      "resolved": "https://registry.npmjs.org/tween.js/-/tween.js-0.13.0.tgz",
      "integrity": "sha512-Et5KCkGrpMOPrrxjKLqn/bzggA4xVbWrECBDfP1o8l3+FeiMXrKCWa5eacrXaJGOmVwhgI6BmhozyA0CPtk9XQ==",
      "deprecated": "This package has moved to @tweenjs/tween.js. Please update your dependencies."
    },
    "node_modules/type": {
      "version": "2.7.2",
      "resolved": "https://registry.npmjs.org/type/-/type-2.7.2.tgz",
      "integrity": "sha512-dzlvlNlt6AXU7EBSfpAscydQ7gXB+pPGsPnfJnZpiNJBDj7IaJzQlBZYGdEi4R9HmPdBv2XmWJ6YUtoTa7lmCw=="
    },
    "node_modules/underscore": {
      "version": "1.7.0",
      "resolved": "https://registry.npmjs.org/underscore/-/underscore-1.7.0.tgz",
      "integrity": "sha512-cp0oQQyZhUM1kpJDLdGO1jPZHgS/MpzoWYfe9+CM2h/QGDZlqwT2T3YGukuBdaNJ/CAPoeyAZRRHz8JFo176vA=="
    },
    "node_modules/underscore.string": {
      "version": "2.2.1",
      "resolved": "https://registry.npmjs.org/underscore.string/-/underscore.string-2.2.1.tgz",
      "integrity": "sha512-3FVmhXqelrj6gfgp3Bn6tOavJvW0dNH2T+heTD38JRxIrAbiuzbqjknszoOYj3DyFB1nWiLj208Qt2no/L4cIA==",
      "engines": {
        "node": "*"
      }
    },
    "node_modules/universalify": {
      "version": "0.2.0",
      "resolved": "https://registry.npmjs.org/universalify/-/universalify-0.2.0.tgz",
      "integrity": "sha512-CJ1QgKmNg3CwvAv/kOFmtnEN05f0D/cn9QntgNOQlQF9dgvVTHj3t+8JPdjqawCHk7V/KA+fbUqzZ9XWhcqPUg==",
      "optional": true,
      "engines": {
        "node": ">= 4.0.0"
      }
    },
    "node_modules/url-parse": {
      "version": "1.5.10",
      "resolved": "https://registry.npmjs.org/url-parse/-/url-parse-1.5.10.tgz",
      "integrity": "sha512-WypcfiRhfeUP9vvF0j6rw0J3hrWrw6iZv3+22h6iRMJ/8z1Tj6XfLP4DsUix5MhMPnXpiHDoKyoZ/bdCkwBCiQ==",
      "optional": true,
      "dependencies": {
        "querystringify": "^2.1.1",
        "requires-port": "^1.0.0"
      }
    },
    "node_modules/vec2": {
      "version": "1.5.0",
      "resolved": "https://registry.npmjs.org/vec2/-/vec2-1.5.0.tgz",
      "integrity": "sha512-nm0BnIvyav5jp6iZNRJ5CMLauEB/PKXax8pBCAZSowuWrF5lCKNjq/Mh2wICyrpOfuU48nWX+urNQWQbpTF3eQ=="
    },
    "node_modules/which": {
      "version": "1.0.9",
      "resolved": "https://registry.npmjs.org/which/-/which-1.0.9.tgz",
      "integrity": "sha512-E87fdQ/eRJr9W1X4wTPejNy9zTW3FI2vpCZSJ/HAY+TkjKVC0TUm1jk6vn2Z7qay0DQy0+RBGdXxj+RmmiGZKQ==",
      "bin": {
        "which": "bin/which"
      }
    }
  }
}
